
Microsoft Visual Studio Solution File, Format Version 12.00
# Visual Studio Version 16
VisualStudioVersion = 16.0.28917.181
MinimumVisualStudioVersion = 10.0.40219.1
Project("{9A19103F-16F7-4668-BE54-9A1E7A4F7556}") = "nms-api", "src\nms-api\nms-api.csproj", "{6549C694-F8A0-41AE-80A4-2F393BC87C5A}"
EndProject
Project("{9A19103F-16F7-4668-BE54-9A1E7A4F7556}") = "nms-api-test", "test\nms-api-test\nms-api-test.csproj", "{47B76E87-2F31-414B-9570-C26250BF51CF}"
EndProject
Project("{FAE04EC0-301F-11D3-BF4B-00C04F79EFBC}") = "nms-docs", "docs\nms-docs.csproj", "{5BFA4F92-E39C-412F-BA0D-6E5CB9DBBECF}"
EndProject
Global
	GlobalSection(SolutionConfigurationPlatforms) = preSolution
		Debug|Any CPU = Debug|Any CPU
		Release|Any CPU = Release|Any CPU
	EndGlobalSection
	GlobalSection(ProjectConfigurationPlatforms) = postSolution
		{6549C694-F8A0-41AE-80A4-2F393BC87C5A}.Debug|Any CPU.ActiveCfg = Debug|Any CPU
		{6549C694-F8A0-41AE-80A4-2F393BC87C5A}.Debug|Any CPU.Build.0 = Debug|Any CPU
		{6549C694-F8A0-41AE-80A4-2F393BC87C5A}.Release|Any CPU.ActiveCfg = Release|Any CPU
		{6549C694-F8A0-41AE-80A4-2F393BC87C5A}.Release|Any CPU.Build.0 = Release|Any CPU
		{47B76E87-2F31-414B-9570-C26250BF51CF}.Debug|Any CPU.ActiveCfg = Debug|Any CPU
		{47B76E87-2F31-414B-9570-C26250BF51CF}.Debug|Any CPU.Build.0 = Debug|Any CPU
		{47B76E87-2F31-414B-9570-C26250BF51CF}.Release|Any CPU.ActiveCfg = Release|Any CPU
		{47B76E87-2F31-414B-9570-C26250BF51CF}.Release|Any CPU.Build.0 = Release|Any CPU
		{5BFA4F92-E39C-412F-BA0D-6E5CB9DBBECF}.Debug|Any CPU.ActiveCfg = Debug|Any CPU
		{5BFA4F92-E39C-412F-BA0D-6E5CB9DBBECF}.Debug|Any CPU.Build.0 = Debug|Any CPU
		{5BFA4F92-E39C-412F-BA0D-6E5CB9DBBECF}.Release|Any CPU.ActiveCfg = Release|Any CPU
		{5BFA4F92-E39C-412F-BA0D-6E5CB9DBBECF}.Release|Any CPU.Build.0 = Release|Any CPU
	EndGlobalSection
	GlobalSection(SolutionProperties) = preSolution
		HideSolutionNode = FALSE
	EndGlobalSection
	GlobalSection(ExtensibilityGlobals) = postSolution
		SolutionGuid = {56A30ED4-C3B2-42E6-9BFE-383835662642}
	EndGlobalSection
EndGlobal
